
Microsoft Visual Studio Solution File, Format Version 12.00
# Visual Studio 15
VisualStudioVersion = 15.0.26730.10
MinimumVisualStudioVersion = 10.0.40219.1

Project("{6EC3EE1D-3C4E-46DD-8F32-0CC8E7565705}") = "MyShare", "MyShare\MyShare.fsproj", "{E9EBCB28-194B-490F-94D8-70B0AC397958}"
EndProject

Project("{F2A71F9B-5D33-465A-A702-920D77279786}") = "MyShare.Android", "MyShare.Android\MyShare.Android.fsproj", "{D41F0300-D707-4034-91B3-988F270F45B3}"
EndProject






Global
	GlobalSection(SolutionConfigurationPlatforms) = preSolution
		Ad-Hoc|Any CPU = Ad-Hoc|Any CPU
		Ad-Hoc|ARM = Ad-Hoc|ARM
		Ad-Hoc|iPhone = Ad-Hoc|iPhone
		Ad-Hoc|iPhoneSimulator = Ad-Hoc|iPhoneSimulator
		Ad-Hoc|x64 = Ad-Hoc|x64
		Ad-Hoc|x86 = Ad-Hoc|x86
		AppStore|Any CPU = AppStore|Any CPU
		AppStore|ARM = AppStore|ARM
		AppStore|iPhone = AppStore|iPhone
		AppStore|iPhoneSimulator = AppStore|iPhoneSimulator
		AppStore|x64 = AppStore|x64
		AppStore|x86 = AppStore|x86
		Debug|Any CPU = Debug|Any CPU
		Debug|ARM = Debug|ARM
		Debug|iPhone = Debug|iPhone
		Debug|iPhoneSimulator = Debug|iPhoneSimulator
		Debug|x64 = Debug|x64
		Debug|x86 = Debug|x86
		Release|Any CPU = Release|Any CPU
		Release|ARM = Release|ARM
		Release|iPhone = Release|iPhone
		Release|iPhoneSimulator = Release|iPhoneSimulator
		Release|x64 = Release|x64
		Release|x86 = Release|x86
	EndGlobalSection
	GlobalSection(ProjectConfigurationPlatforms) = postSolution
		{E9EBCB28-194B-490F-94D8-70B0AC397958}.Ad-Hoc|Any CPU.ActiveCfg = Debug|Any CPU
		{E9EBCB28-194B-490F-94D8-70B0AC397958}.Ad-Hoc|Any CPU.Build.0 = Debug|Any CPU
		{E9EBCB28-194B-490F-94D8-70B0AC397958}.Ad-Hoc|ARM.ActiveCfg = Debug|Any CPU
		{E9EBCB28-194B-490F-94D8-70B0AC397958}.Ad-Hoc|ARM.Build.0 = Debug|Any CPU
		{E9EBCB28-194B-490F-94D8-70B0AC397958}.Ad-Hoc|iPhone.ActiveCfg = Debug|Any CPU
		{E9EBCB28-194B-490F-94D8-70B0AC397958}.Ad-Hoc|iPhone.Build.0 = Debug|Any CPU
		{E9EBCB28-194B-490F-94D8-70B0AC397958}.Ad-Hoc|iPhoneSimulator.ActiveCfg = Debug|Any CPU
		{E9EBCB28-194B-490F-94D8-70B0AC397958}.Ad-Hoc|iPhoneSimulator.Build.0 = Debug|Any CPU
		{E9EBCB28-194B-490F-94D8-70B0AC397958}.Ad-Hoc|x64.ActiveCfg = Debug|Any CPU
		{E9EBCB28-194B-490F-94D8-70B0AC397958}.Ad-Hoc|x64.Build.0 = Debug|Any CPU
		{E9EBCB28-194B-490F-94D8-70B0AC397958}.Ad-Hoc|x86.ActiveCfg = Debug|Any CPU
		{E9EBCB28-194B-490F-94D8-70B0AC397958}.Ad-Hoc|x86.Build.0 = Debug|Any CPU
		{E9EBCB28-194B-490F-94D8-70B0AC397958}.AppStore|Any CPU.ActiveCfg = Debug|Any CPU
		{E9EBCB28-194B-490F-94D8-70B0AC397958}.AppStore|Any CPU.Build.0 = Debug|Any CPU
		{E9EBCB28-194B-490F-94D8-70B0AC397958}.AppStore|ARM.ActiveCfg = Debug|Any CPU
		{E9EBCB28-194B-490F-94D8-70B0AC397958}.AppStore|ARM.Build.0 = Debug|Any CPU
		{E9EBCB28-194B-490F-94D8-70B0AC397958}.AppStore|iPhone.ActiveCfg = Debug|Any CPU
		{E9EBCB28-194B-490F-94D8-70B0AC397958}.AppStore|iPhone.Build.0 = Debug|Any CPU
		{E9EBCB28-194B-490F-94D8-70B0AC397958}.AppStore|iPhoneSimulator.ActiveCfg = Debug|Any CPU
		{E9EBCB28-194B-490F-94D8-70B0AC397958}.AppStore|iPhoneSimulator.Build.0 = Debug|Any CPU
		{E9EBCB28-194B-490F-94D8-70B0AC397958}.AppStore|x64.ActiveCfg = Debug|Any CPU
		{E9EBCB28-194B-490F-94D8-70B0AC397958}.AppStore|x64.Build.0 = Debug|Any CPU
		{E9EBCB28-194B-490F-94D8-70B0AC397958}.AppStore|x86.ActiveCfg = Debug|Any CPU
		{E9EBCB28-194B-490F-94D8-70B0AC397958}.AppStore|x86.Build.0 = Debug|Any CPU
		{E9EBCB28-194B-490F-94D8-70B0AC397958}.Debug|Any CPU.ActiveCfg = Debug|Any CPU
		{E9EBCB28-194B-490F-94D8-70B0AC397958}.Debug|Any CPU.Build.0 = Debug|Any CPU
		{E9EBCB28-194B-490F-94D8-70B0AC397958}.Debug|ARM.ActiveCfg = Debug|Any CPU
		{E9EBCB28-194B-490F-94D8-70B0AC397958}.Debug|ARM.Build.0 = Debug|Any CPU
		{E9EBCB28-194B-490F-94D8-70B0AC397958}.Debug|iPhone.ActiveCfg = Debug|Any CPU
		{E9EBCB28-194B-490F-94D8-70B0AC397958}.Debug|iPhone.Build.0 = Debug|Any CPU
		{E9EBCB28-194B-490F-94D8-70B0AC397958}.Debug|iPhoneSimulator.ActiveCfg = Debug|Any CPU
		{E9EBCB28-194B-490F-94D8-70B0AC397958}.Debug|iPhoneSimulator.Build.0 = Debug|Any CPU
		{E9EBCB28-194B-490F-94D8-70B0AC397958}.Debug|x64.ActiveCfg = Debug|Any CPU
		{E9EBCB28-194B-490F-94D8-70B0AC397958}.Debug|x64.Build.0 = Debug|Any CPU
		{E9EBCB28-194B-490F-94D8-70B0AC397958}.Debug|x86.ActiveCfg = Debug|Any CPU
		{E9EBCB28-194B-490F-94D8-70B0AC397958}.Debug|x86.Build.0 = Debug|Any CPU
		{E9EBCB28-194B-490F-94D8-70B0AC397958}.Release|Any CPU.ActiveCfg = Release|Any CPU
		{E9EBCB28-194B-490F-94D8-70B0AC397958}.Release|Any CPU.Build.0 = Release|Any CPU
		{E9EBCB28-194B-490F-94D8-70B0AC397958}.Release|ARM.ActiveCfg = Release|Any CPU
		{E9EBCB28-194B-490F-94D8-70B0AC397958}.Release|ARM.Build.0 = Release|Any CPU
		{E9EBCB28-194B-490F-94D8-70B0AC397958}.Release|iPhone.ActiveCfg = Release|Any CPU
		{E9EBCB28-194B-490F-94D8-70B0AC397958}.Release|iPhone.Build.0 = Release|Any CPU
		{E9EBCB28-194B-490F-94D8-70B0AC397958}.Release|iPhoneSimulator.ActiveCfg = Release|Any CPU
		{E9EBCB28-194B-490F-94D8-70B0AC397958}.Release|iPhoneSimulator.Build.0 = Release|Any CPU
		{E9EBCB28-194B-490F-94D8-70B0AC397958}.Release|x64.ActiveCfg = Release|Any CPU
		{E9EBCB28-194B-490F-94D8-70B0AC397958}.Release|x64.Build.0 = Release|Any CPU
		{E9EBCB28-194B-490F-94D8-70B0AC397958}.Release|x86.ActiveCfg = Release|Any CPU
		{E9EBCB28-194B-490F-94D8-70B0AC397958}.Release|x86.Build.0 = Release|Any CPU
		{2353EA73-1BB8-444E-A95C-366589764A2F}.Ad-Hoc|Any CPU.ActiveCfg = Ad-Hoc|iPhone
		{2353EA73-1BB8-444E-A95C-366589764A2F}.Ad-Hoc|ARM.ActiveCfg = Ad-Hoc|iPhone
		{2353EA73-1BB8-444E-A95C-366589764A2F}.Ad-Hoc|iPhone.ActiveCfg = Ad-Hoc|iPhone
		{2353EA73-1BB8-444E-A95C-366589764A2F}.Ad-Hoc|iPhone.Build.0 = Ad-Hoc|iPhone
		{2353EA73-1BB8-444E-A95C-366589764A2F}.Ad-Hoc|iPhoneSimulator.ActiveCfg = Ad-Hoc|iPhoneSimulator
		{2353EA73-1BB8-444E-A95C-366589764A2F}.Ad-Hoc|iPhoneSimulator.Build.0 = Ad-Hoc|iPhoneSimulator
		{2353EA73-1BB8-444E-A95C-366589764A2F}.Ad-Hoc|x64.ActiveCfg = Ad-Hoc|iPhone
		{2353EA73-1BB8-444E-A95C-366589764A2F}.Ad-Hoc|x86.ActiveCfg = Ad-Hoc|iPhone
		{2353EA73-1BB8-444E-A95C-366589764A2F}.AppStore|Any CPU.ActiveCfg = AppStore|iPhone
		{2353EA73-1BB8-444E-A95C-366589764A2F}.AppStore|ARM.ActiveCfg = AppStore|iPhone
		{2353EA73-1BB8-444E-A95C-366589764A2F}.AppStore|iPhone.ActiveCfg = AppStore|iPhone
		{2353EA73-1BB8-444E-A95C-366589764A2F}.AppStore|iPhone.Build.0 = AppStore|iPhone
		{2353EA73-1BB8-444E-A95C-366589764A2F}.AppStore|iPhoneSimulator.ActiveCfg = AppStore|iPhoneSimulator
		{2353EA73-1BB8-444E-A95C-366589764A2F}.AppStore|iPhoneSimulator.Build.0 = AppStore|iPhoneSimulator
		{2353EA73-1BB8-444E-A95C-366589764A2F}.AppStore|x64.ActiveCfg = AppStore|iPhone
		{2353EA73-1BB8-444E-A95C-366589764A2F}.AppStore|x86.ActiveCfg = AppStore|iPhone
		{2353EA73-1BB8-444E-A95C-366589764A2F}.Debug|Any CPU.ActiveCfg = Debug|iPhone
		{2353EA73-1BB8-444E-A95C-366589764A2F}.Debug|ARM.ActiveCfg = Debug|iPhone
		{2353EA73-1BB8-444E-A95C-366589764A2F}.Debug|iPhone.ActiveCfg = Debug|iPhone
		{2353EA73-1BB8-444E-A95C-366589764A2F}.Debug|iPhone.Build.0 = Debug|iPhone
		{2353EA73-1BB8-444E-A95C-366589764A2F}.Debug|iPhoneSimulator.ActiveCfg = Debug|iPhoneSimulator
		{2353EA73-1BB8-444E-A95C-366589764A2F}.Debug|iPhoneSimulator.Build.0 = Debug|iPhoneSimulator
		{2353EA73-1BB8-444E-A95C-366589764A2F}.Debug|x64.ActiveCfg = Debug|iPhone
		{2353EA73-1BB8-444E-A95C-366589764A2F}.Debug|x86.ActiveCfg = Debug|iPhone
		{2353EA73-1BB8-444E-A95C-366589764A2F}.Release|Any CPU.ActiveCfg = Release|iPhone
		{2353EA73-1BB8-444E-A95C-366589764A2F}.Release|ARM.ActiveCfg = Release|iPhone
		{2353EA73-1BB8-444E-A95C-366589764A2F}.Release|iPhone.ActiveCfg = Release|iPhone
		{2353EA73-1BB8-444E-A95C-366589764A2F}.Release|iPhone.Build.0 = Release|iPhone
		{2353EA73-1BB8-444E-A95C-366589764A2F}.Release|iPhoneSimulator.ActiveCfg = Release|iPhoneSimulator
		{2353EA73-1BB8-444E-A95C-366589764A2F}.Release|iPhoneSimulator.Build.0 = Release|iPhoneSimulator
		{2353EA73-1BB8-444E-A95C-366589764A2F}.Release|x64.ActiveCfg = Release|iPhone
		{2353EA73-1BB8-444E-A95C-366589764A2F}.Release|x86.ActiveCfg = Release|iPhone
		{EC5922F0-3315-4204-9956-9EACD3AA199D}.Ad-Hoc|Any CPU.ActiveCfg = Release|x86
		{EC5922F0-3315-4204-9956-9EACD3AA199D}.Ad-Hoc|Any CPU.Build.0 = Release|x86
		{EC5922F0-3315-4204-9956-9EACD3AA199D}.Ad-Hoc|Any CPU.Deploy.0 = Release|x86
		{EC5922F0-3315-4204-9956-9EACD3AA199D}.Ad-Hoc|ARM.ActiveCfg = Release|ARM
		{EC5922F0-3315-4204-9956-9EACD3AA199D}.Ad-Hoc|ARM.Build.0 = Release|ARM
		{EC5922F0-3315-4204-9956-9EACD3AA199D}.Ad-Hoc|ARM.Deploy.0 = Release|ARM
		{EC5922F0-3315-4204-9956-9EACD3AA199D}.Ad-Hoc|iPhone.ActiveCfg = Release|x86
		{EC5922F0-3315-4204-9956-9EACD3AA199D}.Ad-Hoc|iPhone.Build.0 = Release|x86
		{EC5922F0-3315-4204-9956-9EACD3AA199D}.Ad-Hoc|iPhone.Deploy.0 = Release|x86
		{EC5922F0-3315-4204-9956-9EACD3AA199D}.Ad-Hoc|iPhoneSimulator.ActiveCfg = Release|x86
		{EC5922F0-3315-4204-9956-9EACD3AA199D}.Ad-Hoc|iPhoneSimulator.Build.0 = Release|x86
		{EC5922F0-3315-4204-9956-9EACD3AA199D}.Ad-Hoc|iPhoneSimulator.Deploy.0 = Release|x86
		{EC5922F0-3315-4204-9956-9EACD3AA199D}.Ad-Hoc|x64.ActiveCfg = Release|x64
		{EC5922F0-3315-4204-9956-9EACD3AA199D}.Ad-Hoc|x64.Build.0 = Release|x64
		{EC5922F0-3315-4204-9956-9EACD3AA199D}.Ad-Hoc|x64.Deploy.0 = Release|x64
		{EC5922F0-3315-4204-9956-9EACD3AA199D}.Ad-Hoc|x86.ActiveCfg = Release|x86
		{EC5922F0-3315-4204-9956-9EACD3AA199D}.Ad-Hoc|x86.Build.0 = Release|x86
		{EC5922F0-3315-4204-9956-9EACD3AA199D}.Ad-Hoc|x86.Deploy.0 = Release|x86
		{EC5922F0-3315-4204-9956-9EACD3AA199D}.AppStore|Any CPU.ActiveCfg = Release|x86
		{EC5922F0-3315-4204-9956-9EACD3AA199D}.AppStore|Any CPU.Build.0 = Release|x86
		{EC5922F0-3315-4204-9956-9EACD3AA199D}.AppStore|Any CPU.Deploy.0 = Release|x86
		{EC5922F0-3315-4204-9956-9EACD3AA199D}.AppStore|ARM.ActiveCfg = Release|ARM
		{EC5922F0-3315-4204-9956-9EACD3AA199D}.AppStore|ARM.Build.0 = Release|ARM
		{EC5922F0-3315-4204-9956-9EACD3AA199D}.AppStore|ARM.Deploy.0 = Release|ARM
		{EC5922F0-3315-4204-9956-9EACD3AA199D}.AppStore|iPhone.ActiveCfg = Release|x86
		{EC5922F0-3315-4204-9956-9EACD3AA199D}.AppStore|iPhone.Build.0 = Release|x86
		{EC5922F0-3315-4204-9956-9EACD3AA199D}.AppStore|iPhone.Deploy.0 = Release|x86
		{EC5922F0-3315-4204-9956-9EACD3AA199D}.AppStore|iPhoneSimulator.ActiveCfg = Release|x86
		{EC5922F0-3315-4204-9956-9EACD3AA199D}.AppStore|iPhoneSimulator.Build.0 = Release|x86
		{EC5922F0-3315-4204-9956-9EACD3AA199D}.AppStore|iPhoneSimulator.Deploy.0 = Release|x86
		{EC5922F0-3315-4204-9956-9EACD3AA199D}.AppStore|x64.ActiveCfg = Release|x64
		{EC5922F0-3315-4204-9956-9EACD3AA199D}.AppStore|x64.Build.0 = Release|x64
		{EC5922F0-3315-4204-9956-9EACD3AA199D}.AppStore|x64.Deploy.0 = Release|x64
		{EC5922F0-3315-4204-9956-9EACD3AA199D}.AppStore|x86.ActiveCfg = Release|x86
		{EC5922F0-3315-4204-9956-9EACD3AA199D}.AppStore|x86.Build.0 = Release|x86
		{EC5922F0-3315-4204-9956-9EACD3AA199D}.AppStore|x86.Deploy.0 = Release|x86
		{EC5922F0-3315-4204-9956-9EACD3AA199D}.Debug|Any CPU.ActiveCfg = Debug|x86
		{EC5922F0-3315-4204-9956-9EACD3AA199D}.Debug|ARM.ActiveCfg = Debug|ARM
		{EC5922F0-3315-4204-9956-9EACD3AA199D}.Debug|ARM.Build.0 = Debug|ARM
		{EC5922F0-3315-4204-9956-9EACD3AA199D}.Debug|ARM.Deploy.0 = Debug|ARM
		{EC5922F0-3315-4204-9956-9EACD3AA199D}.Debug|iPhone.ActiveCfg = Debug|x86
		{EC5922F0-3315-4204-9956-9EACD3AA199D}.Debug|iPhoneSimulator.ActiveCfg = Debug|x86
		{EC5922F0-3315-4204-9956-9EACD3AA199D}.Debug|x64.ActiveCfg = Debug|x64
		{EC5922F0-3315-4204-9956-9EACD3AA199D}.Debug|x64.Build.0 = Debug|x64
		{EC5922F0-3315-4204-9956-9EACD3AA199D}.Debug|x64.Deploy.0 = Debug|x64
		{EC5922F0-3315-4204-9956-9EACD3AA199D}.Debug|x86.ActiveCfg = Debug|x86
		{EC5922F0-3315-4204-9956-9EACD3AA199D}.Debug|x86.Build.0 = Debug|x86
		{EC5922F0-3315-4204-9956-9EACD3AA199D}.Debug|x86.Deploy.0 = Debug|x86
		{EC5922F0-3315-4204-9956-9EACD3AA199D}.Release|Any CPU.ActiveCfg = Release|x86
		{EC5922F0-3315-4204-9956-9EACD3AA199D}.Release|ARM.ActiveCfg = Release|ARM
		{EC5922F0-3315-4204-9956-9EACD3AA199D}.Release|ARM.Build.0 = Release|ARM
		{EC5922F0-3315-4204-9956-9EACD3AA199D}.Release|ARM.Deploy.0 = Release|ARM
		{EC5922F0-3315-4204-9956-9EACD3AA199D}.Release|iPhone.ActiveCfg = Release|x86
		{EC5922F0-3315-4204-9956-9EACD3AA199D}.Release|iPhoneSimulator.ActiveCfg = Release|x86
		{EC5922F0-3315-4204-9956-9EACD3AA199D}.Release|x64.ActiveCfg = Release|x64
		{EC5922F0-3315-4204-9956-9EACD3AA199D}.Release|x64.Build.0 = Release|x64
		{EC5922F0-3315-4204-9956-9EACD3AA199D}.Release|x64.Deploy.0 = Release|x64
		{EC5922F0-3315-4204-9956-9EACD3AA199D}.Release|x86.ActiveCfg = Release|x86
		{EC5922F0-3315-4204-9956-9EACD3AA199D}.Release|x86.Build.0 = Release|x86
		{EC5922F0-3315-4204-9956-9EACD3AA199D}.Release|x86.Deploy.0 = Release|x86
		{DADE0123-19E6-4C63-B967-16CA78FB642E}.Ad-Hoc|Any CPU.ActiveCfg = Release|Any CPU
		{DADE0123-19E6-4C63-B967-16CA78FB642E}.Ad-Hoc|Any CPU.Build.0 = Release|Any CPU
		{DADE0123-19E6-4C63-B967-16CA78FB642E}.Ad-Hoc|ARM.ActiveCfg = Release|Any CPU
		{DADE0123-19E6-4C63-B967-16CA78FB642E}.Ad-Hoc|ARM.Build.0 = Release|Any CPU
		{DADE0123-19E6-4C63-B967-16CA78FB642E}.Ad-Hoc|iPhone.ActiveCfg = Release|Any CPU
		{DADE0123-19E6-4C63-B967-16CA78FB642E}.Ad-Hoc|iPhone.Build.0 = Release|Any CPU
		{DADE0123-19E6-4C63-B967-16CA78FB642E}.Ad-Hoc|iPhoneSimulator.ActiveCfg = Release|Any CPU
		{DADE0123-19E6-4C63-B967-16CA78FB642E}.Ad-Hoc|iPhoneSimulator.Build.0 = Release|Any CPU
		{DADE0123-19E6-4C63-B967-16CA78FB642E}.Ad-Hoc|x64.ActiveCfg = Release|Any CPU
		{DADE0123-19E6-4C63-B967-16CA78FB642E}.Ad-Hoc|x64.Build.0 = Release|Any CPU
		{DADE0123-19E6-4C63-B967-16CA78FB642E}.Ad-Hoc|x86.ActiveCfg = Release|Any CPU
		{DADE0123-19E6-4C63-B967-16CA78FB642E}.Ad-Hoc|x86.Build.0 = Release|Any CPU
		{DADE0123-19E6-4C63-B967-16CA78FB642E}.AppStore|Any CPU.ActiveCfg = Release|Any CPU
		{DADE0123-19E6-4C63-B967-16CA78FB642E}.AppStore|Any CPU.Build.0 = Release|Any CPU
		{DADE0123-19E6-4C63-B967-16CA78FB642E}.AppStore|ARM.ActiveCfg = Release|Any CPU
		{DADE0123-19E6-4C63-B967-16CA78FB642E}.AppStore|ARM.Build.0 = Release|Any CPU
		{DADE0123-19E6-4C63-B967-16CA78FB642E}.AppStore|iPhone.ActiveCfg = Release|Any CPU
		{DADE0123-19E6-4C63-B967-16CA78FB642E}.AppStore|iPhone.Build.0 = Release|Any CPU
		{DADE0123-19E6-4C63-B967-16CA78FB642E}.AppStore|iPhoneSimulator.ActiveCfg = Release|Any CPU
		{DADE0123-19E6-4C63-B967-16CA78FB642E}.AppStore|iPhoneSimulator.Build.0 = Release|Any CPU
		{DADE0123-19E6-4C63-B967-16CA78FB642E}.AppStore|x64.ActiveCfg = Release|Any CPU
		{DADE0123-19E6-4C63-B967-16CA78FB642E}.AppStore|x64.Build.0 = Release|Any CPU
		{DADE0123-19E6-4C63-B967-16CA78FB642E}.AppStore|x86.ActiveCfg = Release|Any CPU
		{DADE0123-19E6-4C63-B967-16CA78FB642E}.AppStore|x86.Build.0 = Release|Any CPU
		{DADE0123-19E6-4C63-B967-16CA78FB642E}.Debug|Any CPU.ActiveCfg = Debug|Any CPU
		{DADE0123-19E6-4C63-B967-16CA78FB642E}.Debug|Any CPU.Build.0 = Debug|Any CPU
		{DADE0123-19E6-4C63-B967-16CA78FB642E}.Debug|ARM.ActiveCfg = Debug|Any CPU
		{DADE0123-19E6-4C63-B967-16CA78FB642E}.Debug|ARM.Build.0 = Debug|Any CPU
		{DADE0123-19E6-4C63-B967-16CA78FB642E}.Debug|iPhone.ActiveCfg = Debug|Any CPU
		{DADE0123-19E6-4C63-B967-16CA78FB642E}.Debug|iPhone.Build.0 = Debug|Any CPU
		{DADE0123-19E6-4C63-B967-16CA78FB642E}.Debug|iPhoneSimulator.ActiveCfg = Debug|Any CPU
		{DADE0123-19E6-4C63-B967-16CA78FB642E}.Debug|iPhoneSimulator.Build.0 = Debug|Any CPU
		{DADE0123-19E6-4C63-B967-16CA78FB642E}.Debug|x64.ActiveCfg = Debug|Any CPU
		{DADE0123-19E6-4C63-B967-16CA78FB642E}.Debug|x64.Build.0 = Debug|Any CPU
		{DADE0123-19E6-4C63-B967-16CA78FB642E}.Debug|x86.ActiveCfg = Debug|Any CPU
		{DADE0123-19E6-4C63-B967-16CA78FB642E}.Debug|x86.Build.0 = Debug|Any CPU
		{DADE0123-19E6-4C63-B967-16CA78FB642E}.Release|Any CPU.ActiveCfg = Release|Any CPU
		{DADE0123-19E6-4C63-B967-16CA78FB642E}.Release|Any CPU.Build.0 = Release|Any CPU
		{DADE0123-19E6-4C63-B967-16CA78FB642E}.Release|ARM.ActiveCfg = Release|Any CPU
		{DADE0123-19E6-4C63-B967-16CA78FB642E}.Release|ARM.Build.0 = Release|Any CPU
		{DADE0123-19E6-4C63-B967-16CA78FB642E}.Release|iPhone.ActiveCfg = Release|Any CPU
		{DADE0123-19E6-4C63-B967-16CA78FB642E}.Release|iPhone.Build.0 = Release|Any CPU
		{DADE0123-19E6-4C63-B967-16CA78FB642E}.Release|iPhoneSimulator.ActiveCfg = Release|Any CPU
		{DADE0123-19E6-4C63-B967-16CA78FB642E}.Release|iPhoneSimulator.Build.0 = Release|Any CPU
		{DADE0123-19E6-4C63-B967-16CA78FB642E}.Release|x64.ActiveCfg = Release|Any CPU
		{DADE0123-19E6-4C63-B967-16CA78FB642E}.Release|x64.Build.0 = Release|Any CPU
		{DADE0123-19E6-4C63-B967-16CA78FB642E}.Release|x86.ActiveCfg = Release|Any CPU
		{DADE0123-19E6-4C63-B967-16CA78FB642E}.Release|x86.Build.0 = Release|Any CPU
		{4AEB06A8-6C6B-42F6-B65D-0D7223D7B13A}.Ad-Hoc|Any CPU.ActiveCfg = Release|Any CPU
		{4AEB06A8-6C6B-42F6-B65D-0D7223D7B13A}.Ad-Hoc|Any CPU.Build.0 = Release|Any CPU
		{4AEB06A8-6C6B-42F6-B65D-0D7223D7B13A}.Ad-Hoc|ARM.ActiveCfg = Release|Any CPU
		{4AEB06A8-6C6B-42F6-B65D-0D7223D7B13A}.Ad-Hoc|ARM.Build.0 = Release|Any CPU
		{4AEB06A8-6C6B-42F6-B65D-0D7223D7B13A}.Ad-Hoc|iPhone.ActiveCfg = Release|Any CPU
		{4AEB06A8-6C6B-42F6-B65D-0D7223D7B13A}.Ad-Hoc|iPhone.Build.0 = Release|Any CPU
		{4AEB06A8-6C6B-42F6-B65D-0D7223D7B13A}.Ad-Hoc|iPhoneSimulator.ActiveCfg = Release|Any CPU
		{4AEB06A8-6C6B-42F6-B65D-0D7223D7B13A}.Ad-Hoc|iPhoneSimulator.Build.0 = Release|Any CPU
		{4AEB06A8-6C6B-42F6-B65D-0D7223D7B13A}.Ad-Hoc|x64.ActiveCfg = Release|Any CPU
		{4AEB06A8-6C6B-42F6-B65D-0D7223D7B13A}.Ad-Hoc|x64.Build.0 = Release|Any CPU
		{4AEB06A8-6C6B-42F6-B65D-0D7223D7B13A}.Ad-Hoc|x86.ActiveCfg = Release|Any CPU
		{4AEB06A8-6C6B-42F6-B65D-0D7223D7B13A}.Ad-Hoc|x86.Build.0 = Release|Any CPU
		{4AEB06A8-6C6B-42F6-B65D-0D7223D7B13A}.AppStore|Any CPU.ActiveCfg = Release|Any CPU
		{4AEB06A8-6C6B-42F6-B65D-0D7223D7B13A}.AppStore|Any CPU.Build.0 = Release|Any CPU
		{4AEB06A8-6C6B-42F6-B65D-0D7223D7B13A}.AppStore|ARM.ActiveCfg = Release|Any CPU
		{4AEB06A8-6C6B-42F6-B65D-0D7223D7B13A}.AppStore|ARM.Build.0 = Release|Any CPU
		{4AEB06A8-6C6B-42F6-B65D-0D7223D7B13A}.AppStore|iPhone.ActiveCfg = Release|Any CPU
		{4AEB06A8-6C6B-42F6-B65D-0D7223D7B13A}.AppStore|iPhone.Build.0 = Release|Any CPU
		{4AEB06A8-6C6B-42F6-B65D-0D7223D7B13A}.AppStore|iPhoneSimulator.ActiveCfg = Release|Any CPU
		{4AEB06A8-6C6B-42F6-B65D-0D7223D7B13A}.AppStore|iPhoneSimulator.Build.0 = Release|Any CPU
		{4AEB06A8-6C6B-42F6-B65D-0D7223D7B13A}.AppStore|x64.ActiveCfg = Release|Any CPU
		{4AEB06A8-6C6B-42F6-B65D-0D7223D7B13A}.AppStore|x64.Build.0 = Release|Any CPU
		{4AEB06A8-6C6B-42F6-B65D-0D7223D7B13A}.AppStore|x86.ActiveCfg = Release|Any CPU
		{4AEB06A8-6C6B-42F6-B65D-0D7223D7B13A}.AppStore|x86.Build.0 = Release|Any CPU
		{4AEB06A8-6C6B-42F6-B65D-0D7223D7B13A}.Debug|Any CPU.ActiveCfg = Debug|Any CPU
		{4AEB06A8-6C6B-42F6-B65D-0D7223D7B13A}.Debug|Any CPU.Build.0 = Debug|Any CPU
		{4AEB06A8-6C6B-42F6-B65D-0D7223D7B13A}.Debug|ARM.ActiveCfg = Debug|Any CPU
		{4AEB06A8-6C6B-42F6-B65D-0D7223D7B13A}.Debug|ARM.Build.0 = Debug|Any CPU
		{4AEB06A8-6C6B-42F6-B65D-0D7223D7B13A}.Debug|iPhone.ActiveCfg = Debug|Any CPU
		{4AEB06A8-6C6B-42F6-B65D-0D7223D7B13A}.Debug|iPhone.Build.0 = Debug|Any CPU
		{4AEB06A8-6C6B-42F6-B65D-0D7223D7B13A}.Debug|iPhoneSimulator.ActiveCfg = Debug|Any CPU
		{4AEB06A8-6C6B-42F6-B65D-0D7223D7B13A}.Debug|iPhoneSimulator.Build.0 = Debug|Any CPU
		{4AEB06A8-6C6B-42F6-B65D-0D7223D7B13A}.Debug|x64.ActiveCfg = Debug|Any CPU
		{4AEB06A8-6C6B-42F6-B65D-0D7223D7B13A}.Debug|x64.Build.0 = Debug|Any CPU
		{4AEB06A8-6C6B-42F6-B65D-0D7223D7B13A}.Debug|x86.ActiveCfg = Debug|Any CPU
		{4AEB06A8-6C6B-42F6-B65D-0D7223D7B13A}.Debug|x86.Build.0 = Debug|Any CPU
		{4AEB06A8-6C6B-42F6-B65D-0D7223D7B13A}.Release|Any CPU.ActiveCfg = Release|Any CPU
		{4AEB06A8-6C6B-42F6-B65D-0D7223D7B13A}.Release|Any CPU.Build.0 = Release|Any CPU
		{4AEB06A8-6C6B-42F6-B65D-0D7223D7B13A}.Release|ARM.ActiveCfg = Release|Any CPU
		{4AEB06A8-6C6B-42F6-B65D-0D7223D7B13A}.Release|ARM.Build.0 = Release|Any CPU
		{4AEB06A8-6C6B-42F6-B65D-0D7223D7B13A}.Release|iPhone.ActiveCfg = Release|Any CPU
		{4AEB06A8-6C6B-42F6-B65D-0D7223D7B13A}.Release|iPhone.Build.0 = Release|Any CPU
		{4AEB06A8-6C6B-42F6-B65D-0D7223D7B13A}.Release|iPhoneSimulator.ActiveCfg = Release|Any CPU
		{4AEB06A8-6C6B-42F6-B65D-0D7223D7B13A}.Release|iPhoneSimulator.Build.0 = Release|Any CPU
		{4AEB06A8-6C6B-42F6-B65D-0D7223D7B13A}.Release|x64.ActiveCfg = Release|Any CPU
		{4AEB06A8-6C6B-42F6-B65D-0D7223D7B13A}.Release|x64.Build.0 = Release|Any CPU
		{4AEB06A8-6C6B-42F6-B65D-0D7223D7B13A}.Release|x86.ActiveCfg = Release|Any CPU
		{4AEB06A8-6C6B-42F6-B65D-0D7223D7B13A}.Release|x86.Build.0 = Release|Any CPU
		{D41F0300-D707-4034-91B3-988F270F45B3}.Ad-Hoc|Any CPU.ActiveCfg = Release|Any CPU
		{D41F0300-D707-4034-91B3-988F270F45B3}.Ad-Hoc|Any CPU.Build.0 = Release|Any CPU
		{D41F0300-D707-4034-91B3-988F270F45B3}.Ad-Hoc|ARM.ActiveCfg = Release|Any CPU
		{D41F0300-D707-4034-91B3-988F270F45B3}.Ad-Hoc|ARM.Build.0 = Release|Any CPU
		{D41F0300-D707-4034-91B3-988F270F45B3}.Ad-Hoc|iPhone.ActiveCfg = Release|Any CPU
		{D41F0300-D707-4034-91B3-988F270F45B3}.Ad-Hoc|iPhone.Build.0 = Release|Any CPU
		{D41F0300-D707-4034-91B3-988F270F45B3}.Ad-Hoc|iPhoneSimulator.ActiveCfg = Release|Any CPU
		{D41F0300-D707-4034-91B3-988F270F45B3}.Ad-Hoc|iPhoneSimulator.Build.0 = Release|Any CPU
		{D41F0300-D707-4034-91B3-988F270F45B3}.Ad-Hoc|x64.ActiveCfg = Release|Any CPU
		{D41F0300-D707-4034-91B3-988F270F45B3}.Ad-Hoc|x64.Build.0 = Release|Any CPU
		{D41F0300-D707-4034-91B3-988F270F45B3}.Ad-Hoc|x86.ActiveCfg = Release|Any CPU
		{D41F0300-D707-4034-91B3-988F270F45B3}.Ad-Hoc|x86.Build.0 = Release|Any CPU
		{D41F0300-D707-4034-91B3-988F270F45B3}.AppStore|Any CPU.ActiveCfg = Release|Any CPU
		{D41F0300-D707-4034-91B3-988F270F45B3}.AppStore|Any CPU.Build.0 = Release|Any CPU
		{D41F0300-D707-4034-91B3-988F270F45B3}.AppStore|ARM.ActiveCfg = Release|Any CPU
		{D41F0300-D707-4034-91B3-988F270F45B3}.AppStore|ARM.Build.0 = Release|Any CPU
		{D41F0300-D707-4034-91B3-988F270F45B3}.AppStore|iPhone.ActiveCfg = Release|Any CPU
		{D41F0300-D707-4034-91B3-988F270F45B3}.AppStore|iPhone.Build.0 = Release|Any CPU
		{D41F0300-D707-4034-91B3-988F270F45B3}.AppStore|iPhoneSimulator.ActiveCfg = Release|Any CPU
		{D41F0300-D707-4034-91B3-988F270F45B3}.AppStore|iPhoneSimulator.Build.0 = Release|Any CPU
		{D41F0300-D707-4034-91B3-988F270F45B3}.AppStore|x64.ActiveCfg = Release|Any CPU
		{D41F0300-D707-4034-91B3-988F270F45B3}.AppStore|x64.Build.0 = Release|Any CPU
		{D41F0300-D707-4034-91B3-988F270F45B3}.AppStore|x86.ActiveCfg = Release|Any CPU
		{D41F0300-D707-4034-91B3-988F270F45B3}.AppStore|x86.Build.0 = Release|Any CPU
		{D41F0300-D707-4034-91B3-988F270F45B3}.Debug|Any CPU.ActiveCfg = Debug|Any CPU
		{D41F0300-D707-4034-91B3-988F270F45B3}.Debug|Any CPU.Build.0 = Debug|Any CPU
		{D41F0300-D707-4034-91B3-988F270F45B3}.Debug|Any CPU.Deploy.0 = Debug|Any CPU
		{D41F0300-D707-4034-91B3-988F270F45B3}.Debug|ARM.ActiveCfg = Debug|Any CPU
		{D41F0300-D707-4034-91B3-988F270F45B3}.Debug|ARM.Build.0 = Debug|Any CPU
		{D41F0300-D707-4034-91B3-988F270F45B3}.Debug|iPhone.ActiveCfg = Debug|Any CPU
		{D41F0300-D707-4034-91B3-988F270F45B3}.Debug|iPhone.Build.0 = Debug|Any CPU
		{D41F0300-D707-4034-91B3-988F270F45B3}.Debug|iPhoneSimulator.ActiveCfg = Debug|Any CPU
		{D41F0300-D707-4034-91B3-988F270F45B3}.Debug|iPhoneSimulator.Build.0 = Debug|Any CPU
		{D41F0300-D707-4034-91B3-988F270F45B3}.Debug|x64.ActiveCfg = Debug|Any CPU
		{D41F0300-D707-4034-91B3-988F270F45B3}.Debug|x64.Build.0 = Debug|Any CPU
		{D41F0300-D707-4034-91B3-988F270F45B3}.Debug|x86.ActiveCfg = Debug|Any CPU
		{D41F0300-D707-4034-91B3-988F270F45B3}.Debug|x86.Build.0 = Debug|Any CPU
		{D41F0300-D707-4034-91B3-988F270F45B3}.Release|Any CPU.ActiveCfg = Release|Any CPU
		{D41F0300-D707-4034-91B3-988F270F45B3}.Release|Any CPU.Build.0 = Release|Any CPU
		{D41F0300-D707-4034-91B3-988F270F45B3}.Release|Any CPU.Deploy.0 = Release|Any CPU
		{D41F0300-D707-4034-91B3-988F270F45B3}.Release|ARM.ActiveCfg = Release|Any CPU
		{D41F0300-D707-4034-91B3-988F270F45B3}.Release|ARM.Build.0 = Release|Any CPU
		{D41F0300-D707-4034-91B3-988F270F45B3}.Release|iPhone.ActiveCfg = Release|Any CPU
		{D41F0300-D707-4034-91B3-988F270F45B3}.Release|iPhone.Build.0 = Release|Any CPU
		{D41F0300-D707-4034-91B3-988F270F45B3}.Release|iPhoneSimulator.ActiveCfg = Release|Any CPU
		{D41F0300-D707-4034-91B3-988F270F45B3}.Release|iPhoneSimulator.Build.0 = Release|Any CPU
		{D41F0300-D707-4034-91B3-988F270F45B3}.Release|x64.ActiveCfg = Release|Any CPU
		{D41F0300-D707-4034-91B3-988F270F45B3}.Release|x64.Build.0 = Release|Any CPU
		{D41F0300-D707-4034-91B3-988F270F45B3}.Release|x86.ActiveCfg = Release|Any CPU
		{D41F0300-D707-4034-91B3-988F270F45B3}.Release|x86.Build.0 = Release|Any CPU
		{85700674-7166-4842-835C-C24DF2D5C384}.Ad-Hoc|Any CPU.ActiveCfg = Release|Any CPU
		{85700674-7166-4842-835C-C24DF2D5C384}.Ad-Hoc|Any CPU.Build.0 = Release|Any CPU
		{85700674-7166-4842-835C-C24DF2D5C384}.Ad-Hoc|ARM.ActiveCfg = Release|Any CPU
		{85700674-7166-4842-835C-C24DF2D5C384}.Ad-Hoc|ARM.Build.0 = Release|Any CPU
		{85700674-7166-4842-835C-C24DF2D5C384}.Ad-Hoc|iPhone.ActiveCfg = Release|Any CPU
		{85700674-7166-4842-835C-C24DF2D5C384}.Ad-Hoc|iPhone.Build.0 = Release|Any CPU
		{85700674-7166-4842-835C-C24DF2D5C384}.Ad-Hoc|iPhoneSimulator.ActiveCfg = Release|Any CPU
		{85700674-7166-4842-835C-C24DF2D5C384}.Ad-Hoc|iPhoneSimulator.Build.0 = Release|Any CPU
		{85700674-7166-4842-835C-C24DF2D5C384}.Ad-Hoc|x64.ActiveCfg = Release|Any CPU
		{85700674-7166-4842-835C-C24DF2D5C384}.Ad-Hoc|x64.Build.0 = Release|Any CPU
		{85700674-7166-4842-835C-C24DF2D5C384}.Ad-Hoc|x86.ActiveCfg = Release|Any CPU
		{85700674-7166-4842-835C-C24DF2D5C384}.Ad-Hoc|x86.Build.0 = Release|Any CPU
		{85700674-7166-4842-835C-C24DF2D5C384}.AppStore|Any CPU.ActiveCfg = Release|Any CPU
		{85700674-7166-4842-835C-C24DF2D5C384}.AppStore|Any CPU.Build.0 = Release|Any CPU
		{85700674-7166-4842-835C-C24DF2D5C384}.AppStore|ARM.ActiveCfg = Release|Any CPU
		{85700674-7166-4842-835C-C24DF2D5C384}.AppStore|ARM.Build.0 = Release|Any CPU
		{85700674-7166-4842-835C-C24DF2D5C384}.AppStore|iPhone.ActiveCfg = Release|Any CPU
		{85700674-7166-4842-835C-C24DF2D5C384}.AppStore|iPhone.Build.0 = Release|Any CPU
		{85700674-7166-4842-835C-C24DF2D5C384}.AppStore|iPhoneSimulator.ActiveCfg = Release|Any CPU
		{85700674-7166-4842-835C-C24DF2D5C384}.AppStore|iPhoneSimulator.Build.0 = Release|Any CPU
		{85700674-7166-4842-835C-C24DF2D5C384}.AppStore|x64.ActiveCfg = Release|Any CPU
		{85700674-7166-4842-835C-C24DF2D5C384}.AppStore|x64.Build.0 = Release|Any CPU
		{85700674-7166-4842-835C-C24DF2D5C384}.AppStore|x86.ActiveCfg = Release|Any CPU
		{85700674-7166-4842-835C-C24DF2D5C384}.AppStore|x86.Build.0 = Release|Any CPU
		{85700674-7166-4842-835C-C24DF2D5C384}.Debug|Any CPU.ActiveCfg = Debug|Any CPU
		{85700674-7166-4842-835C-C24DF2D5C384}.Debug|Any CPU.Build.0 = Debug|Any CPU
		{85700674-7166-4842-835C-C24DF2D5C384}.Debug|ARM.ActiveCfg = Debug|Any CPU
		{85700674-7166-4842-835C-C24DF2D5C384}.Debug|ARM.Build.0 = Debug|Any CPU
		{85700674-7166-4842-835C-C24DF2D5C384}.Debug|iPhone.ActiveCfg = Debug|Any CPU
		{85700674-7166-4842-835C-C24DF2D5C384}.Debug|iPhone.Build.0 = Debug|Any CPU
		{85700674-7166-4842-835C-C24DF2D5C384}.Debug|iPhoneSimulator.ActiveCfg = Debug|Any CPU
		{85700674-7166-4842-835C-C24DF2D5C384}.Debug|iPhoneSimulator.Build.0 = Debug|Any CPU
		{85700674-7166-4842-835C-C24DF2D5C384}.Debug|x64.ActiveCfg = Debug|Any CPU
		{85700674-7166-4842-835C-C24DF2D5C384}.Debug|x64.Build.0 = Debug|Any CPU
		{85700674-7166-4842-835C-C24DF2D5C384}.Debug|x86.ActiveCfg = Debug|Any CPU
		{85700674-7166-4842-835C-C24DF2D5C384}.Debug|x86.Build.0 = Debug|Any CPU
		{85700674-7166-4842-835C-C24DF2D5C384}.Release|Any CPU.ActiveCfg = Release|Any CPU
		{85700674-7166-4842-835C-C24DF2D5C384}.Release|Any CPU.Build.0 = Release|Any CPU
		{85700674-7166-4842-835C-C24DF2D5C384}.Release|ARM.ActiveCfg = Release|Any CPU
		{85700674-7166-4842-835C-C24DF2D5C384}.Release|ARM.Build.0 = Release|Any CPU
		{85700674-7166-4842-835C-C24DF2D5C384}.Release|iPhone.ActiveCfg = Release|Any CPU
		{85700674-7166-4842-835C-C24DF2D5C384}.Release|iPhone.Build.0 = Release|Any CPU
		{85700674-7166-4842-835C-C24DF2D5C384}.Release|iPhoneSimulator.ActiveCfg = Release|Any CPU
		{85700674-7166-4842-835C-C24DF2D5C384}.Release|iPhoneSimulator.Build.0 = Release|Any CPU
		{85700674-7166-4842-835C-C24DF2D5C384}.Release|x64.ActiveCfg = Release|Any CPU
		{85700674-7166-4842-835C-C24DF2D5C384}.Release|x64.Build.0 = Release|Any CPU
		{85700674-7166-4842-835C-C24DF2D5C384}.Release|x86.ActiveCfg = Release|Any CPU
		{85700674-7166-4842-835C-C24DF2D5C384}.Release|x86.Build.0 = Release|Any CPU
		{23BC8BC9-C857-460A-8840-DD00161A9DF9}.Ad-Hoc|Any CPU.ActiveCfg = Release|x64
		{23BC8BC9-C857-460A-8840-DD00161A9DF9}.Ad-Hoc|Any CPU.Build.0 = Release|x64
		{23BC8BC9-C857-460A-8840-DD00161A9DF9}.Ad-Hoc|Any CPU.Deploy.0 = Release|x64
		{23BC8BC9-C857-460A-8840-DD00161A9DF9}.Ad-Hoc|ARM.ActiveCfg = Release|ARM
		{23BC8BC9-C857-460A-8840-DD00161A9DF9}.Ad-Hoc|ARM.Build.0 = Release|ARM
		{23BC8BC9-C857-460A-8840-DD00161A9DF9}.Ad-Hoc|ARM.Deploy.0 = Release|ARM
		{23BC8BC9-C857-460A-8840-DD00161A9DF9}.Ad-Hoc|ARM64.ActiveCfg = Release|ARM64
		{23BC8BC9-C857-460A-8840-DD00161A9DF9}.Ad-Hoc|ARM64.Build.0 = Release|ARM64
		{23BC8BC9-C857-460A-8840-DD00161A9DF9}.Ad-Hoc|ARM64.Deploy.0 = Release|ARM64
		{23BC8BC9-C857-460A-8840-DD00161A9DF9}.Ad-Hoc|iPhone.ActiveCfg = Release|x64
		{23BC8BC9-C857-460A-8840-DD00161A9DF9}.Ad-Hoc|iPhone.Build.0 = Release|x64
		{23BC8BC9-C857-460A-8840-DD00161A9DF9}.Ad-Hoc|iPhone.Deploy.0 = Release|x64
		{23BC8BC9-C857-460A-8840-DD00161A9DF9}.Ad-Hoc|iPhoneSimulator.ActiveCfg = Release|x64
		{23BC8BC9-C857-460A-8840-DD00161A9DF9}.Ad-Hoc|iPhoneSimulator.Build.0 = Release|x64
		{23BC8BC9-C857-460A-8840-DD00161A9DF9}.Ad-Hoc|iPhoneSimulator.Deploy.0 = Release|x64
		{23BC8BC9-C857-460A-8840-DD00161A9DF9}.Ad-Hoc|x64.ActiveCfg = Release|x64
		{23BC8BC9-C857-460A-8840-DD00161A9DF9}.Ad-Hoc|x64.Build.0 = Release|x64
		{23BC8BC9-C857-460A-8840-DD00161A9DF9}.Ad-Hoc|x64.Deploy.0 = Release|x64
		{23BC8BC9-C857-460A-8840-DD00161A9DF9}.Ad-Hoc|x86.ActiveCfg = Release|x86
		{23BC8BC9-C857-460A-8840-DD00161A9DF9}.Ad-Hoc|x86.Build.0 = Release|x86
		{23BC8BC9-C857-460A-8840-DD00161A9DF9}.Ad-Hoc|x86.Deploy.0 = Release|x86
		{23BC8BC9-C857-460A-8840-DD00161A9DF9}.AppStore|Any CPU.ActiveCfg = Release|x64
		{23BC8BC9-C857-460A-8840-DD00161A9DF9}.AppStore|Any CPU.Build.0 = Release|x64
		{23BC8BC9-C857-460A-8840-DD00161A9DF9}.AppStore|Any CPU.Deploy.0 = Release|x64
		{23BC8BC9-C857-460A-8840-DD00161A9DF9}.AppStore|ARM.ActiveCfg = Release|ARM
		{23BC8BC9-C857-460A-8840-DD00161A9DF9}.AppStore|ARM.Build.0 = Release|ARM
		{23BC8BC9-C857-460A-8840-DD00161A9DF9}.AppStore|ARM.Deploy.0 = Release|ARM
		{23BC8BC9-C857-460A-8840-DD00161A9DF9}.AppStore|ARM64.ActiveCfg = Release|ARM64
		{23BC8BC9-C857-460A-8840-DD00161A9DF9}.AppStore|ARM64.Build.0 = Release|ARM64
		{23BC8BC9-C857-460A-8840-DD00161A9DF9}.AppStore|ARM64.Deploy.0 = Release|ARM64
		{23BC8BC9-C857-460A-8840-DD00161A9DF9}.AppStore|iPhone.ActiveCfg = Release|x64
		{23BC8BC9-C857-460A-8840-DD00161A9DF9}.AppStore|iPhone.Build.0 = Release|x64
		{23BC8BC9-C857-460A-8840-DD00161A9DF9}.AppStore|iPhone.Deploy.0 = Release|x64
		{23BC8BC9-C857-460A-8840-DD00161A9DF9}.AppStore|iPhoneSimulator.ActiveCfg = Release|x64
		{23BC8BC9-C857-460A-8840-DD00161A9DF9}.AppStore|iPhoneSimulator.Build.0 = Release|x64
		{23BC8BC9-C857-460A-8840-DD00161A9DF9}.AppStore|iPhoneSimulator.Deploy.0 = Release|x64
		{23BC8BC9-C857-460A-8840-DD00161A9DF9}.AppStore|x64.ActiveCfg = Release|x64
		{23BC8BC9-C857-460A-8840-DD00161A9DF9}.AppStore|x64.Build.0 = Release|x64
		{23BC8BC9-C857-460A-8840-DD00161A9DF9}.AppStore|x64.Deploy.0 = Release|x64
		{23BC8BC9-C857-460A-8840-DD00161A9DF9}.AppStore|x86.ActiveCfg = Release|x86
		{23BC8BC9-C857-460A-8840-DD00161A9DF9}.AppStore|x86.Build.0 = Release|x86
		{23BC8BC9-C857-460A-8840-DD00161A9DF9}.AppStore|x86.Deploy.0 = Release|x86
		{23BC8BC9-C857-460A-8840-DD00161A9DF9}.Debug|Any CPU.ActiveCfg = Debug|x86
		{23BC8BC9-C857-460A-8840-DD00161A9DF9}.Debug|ARM.ActiveCfg = Debug|ARM
		{23BC8BC9-C857-460A-8840-DD00161A9DF9}.Debug|ARM.Build.0 = Debug|ARM
		{23BC8BC9-C857-460A-8840-DD00161A9DF9}.Debug|ARM.Deploy.0 = Debug|ARM
		{23BC8BC9-C857-460A-8840-DD00161A9DF9}.Debug|ARM64.ActiveCfg = Debug|ARM64
		{23BC8BC9-C857-460A-8840-DD00161A9DF9}.Debug|ARM64.Build.0 = Debug|ARM64
		{23BC8BC9-C857-460A-8840-DD00161A9DF9}.Debug|ARM64.Deploy.0 = Debug|ARM64
		{23BC8BC9-C857-460A-8840-DD00161A9DF9}.Debug|iPhone.ActiveCfg = Debug|x86
		{23BC8BC9-C857-460A-8840-DD00161A9DF9}.Debug|iPhoneSimulator.ActiveCfg = Debug|x86
		{23BC8BC9-C857-460A-8840-DD00161A9DF9}.Debug|x64.ActiveCfg = Debug|x64
		{23BC8BC9-C857-460A-8840-DD00161A9DF9}.Debug|x64.Build.0 = Debug|x64
		{23BC8BC9-C857-460A-8840-DD00161A9DF9}.Debug|x64.Deploy.0 = Debug|x64
		{23BC8BC9-C857-460A-8840-DD00161A9DF9}.Debug|x86.ActiveCfg = Debug|x86
		{23BC8BC9-C857-460A-8840-DD00161A9DF9}.Debug|x86.Build.0 = Debug|x86
		{23BC8BC9-C857-460A-8840-DD00161A9DF9}.Debug|x86.Deploy.0 = Debug|x86
		{23BC8BC9-C857-460A-8840-DD00161A9DF9}.Release|Any CPU.ActiveCfg = Release|x86
		{23BC8BC9-C857-460A-8840-DD00161A9DF9}.Release|ARM.ActiveCfg = Release|ARM
		{23BC8BC9-C857-460A-8840-DD00161A9DF9}.Release|ARM.Build.0 = Release|ARM
		{23BC8BC9-C857-460A-8840-DD00161A9DF9}.Release|ARM.Deploy.0 = Release|ARM
		{23BC8BC9-C857-460A-8840-DD00161A9DF9}.Release|ARM64.ActiveCfg = Release|ARM64
		{23BC8BC9-C857-460A-8840-DD00161A9DF9}.Release|ARM64.Build.0 = Release|ARM64
		{23BC8BC9-C857-460A-8840-DD00161A9DF9}.Release|ARM64.Deploy.0 = Release|ARM64
		{23BC8BC9-C857-460A-8840-DD00161A9DF9}.Release|iPhone.ActiveCfg = Release|x86
		{23BC8BC9-C857-460A-8840-DD00161A9DF9}.Release|iPhoneSimulator.ActiveCfg = Release|x86
		{23BC8BC9-C857-460A-8840-DD00161A9DF9}.Release|x64.ActiveCfg = Release|x64
		{23BC8BC9-C857-460A-8840-DD00161A9DF9}.Release|x64.Build.0 = Release|x64
		{23BC8BC9-C857-460A-8840-DD00161A9DF9}.Release|x64.Deploy.0 = Release|x64
		{23BC8BC9-C857-460A-8840-DD00161A9DF9}.Release|x86.ActiveCfg = Release|x86
		{23BC8BC9-C857-460A-8840-DD00161A9DF9}.Release|x86.Build.0 = Release|x86
		{23BC8BC9-C857-460A-8840-DD00161A9DF9}.Release|x86.Deploy.0 = Release|x86
	EndGlobalSection
	GlobalSection(SolutionProperties) = preSolution
		HideSolutionNode = FALSE
	EndGlobalSection
	GlobalSection(ExtensibilityGlobals) = postSolution
		SolutionGuid = {F6D05029-56B8-4E45-AF2D-0E76295DDBA2}
	EndGlobalSection
EndGlobal
